
Microsoft Visual Studio Solution File, Format Version 12.00
# Visual Studio Version 16
VisualStudioVersion = 16.0.32002.261
MinimumVisualStudioVersion = 10.0.40219.1
Project("{FAE04EC0-301F-11D3-BF4B-00C04F79EFBC}") = "RevisaoPA", "RevisaoPA\RevisaoPA.csproj", "{5C1E7C44-B757-44F2-AC0A-C0A8A4F39E40}"
EndProject
Project("{FAE04EC0-301F-11D3-BF4B-00C04F79EFBC}") = "Ex001", "ConsoleApp1\Ex001.csproj", "{7E975A58-748A-47A0-8C9B-E684CABFE579}"
EndProject
Project("{FAE04EC0-301F-11D3-BF4B-00C04F79EFBC}") = "Ex002", "Ex002\Ex002.csproj", "{CEC1703B-E2B5-4B83-BC6A-03EF72661DCC}"
EndProject
Global
	GlobalSection(SolutionConfigurationPlatforms) = preSolution
		Debug|Any CPU = Debug|Any CPU
		Release|Any CPU = Release|Any CPU
	EndGlobalSection
	GlobalSection(ProjectConfigurationPlatforms) = postSolution
		{5C1E7C44-B757-44F2-AC0A-C0A8A4F39E40}.Debug|Any CPU.ActiveCfg = Debug|Any CPU
		{5C1E7C44-B757-44F2-AC0A-C0A8A4F39E40}.Debug|Any CPU.Build.0 = Debug|Any CPU
		{5C1E7C44-B757-44F2-AC0A-C0A8A4F39E40}.Release|Any CPU.ActiveCfg = Release|Any CPU
		{5C1E7C44-B757-44F2-AC0A-C0A8A4F39E40}.Release|Any CPU.Build.0 = Release|Any CPU
		{7E975A58-748A-47A0-8C9B-E684CABFE579}.Debug|Any CPU.ActiveCfg = Debug|Any CPU
		{7E975A58-748A-47A0-8C9B-E684CABFE579}.Debug|Any CPU.Build.0 = Debug|Any CPU
		{7E975A58-748A-47A0-8C9B-E684CABFE579}.Release|Any CPU.ActiveCfg = Release|Any CPU
		{7E975A58-748A-47A0-8C9B-E684CABFE579}.Release|Any CPU.Build.0 = Release|Any CPU
		{CEC1703B-E2B5-4B83-BC6A-03EF72661DCC}.Debug|Any CPU.ActiveCfg = Debug|Any CPU
		{CEC1703B-E2B5-4B83-BC6A-03EF72661DCC}.Debug|Any CPU.Build.0 = Debug|Any CPU
		{CEC1703B-E2B5-4B83-BC6A-03EF72661DCC}.Release|Any CPU.ActiveCfg = Release|Any CPU
		{CEC1703B-E2B5-4B83-BC6A-03EF72661DCC}.Release|Any CPU.Build.0 = Release|Any CPU
	EndGlobalSection
	GlobalSection(SolutionProperties) = preSolution
		HideSolutionNode = FALSE
	EndGlobalSection
	GlobalSection(ExtensibilityGlobals) = postSolution
		SolutionGuid = {D6EC9862-C913-49C2-A6EE-5D0DD2D4C298}
	EndGlobalSection
EndGlobal
