
Microsoft Visual Studio Solution File, Format Version 12.00
# Visual Studio Version 16
VisualStudioVersion = 16.0.32126.315
MinimumVisualStudioVersion = 10.0.40219.1
Project("{FAE04EC0-301F-11D3-BF4B-00C04F79EFBC}") = "Construtores", "Construtores\Construtores.csproj", "{A3580E85-9313-4D51-94E1-EDEE650B4DE5}"
EndProject
Project("{FAE04EC0-301F-11D3-BF4B-00C04F79EFBC}") = "Exercicio1", "Exercicio1\Exercicio1.csproj", "{84B92D72-F76F-4903-B07B-0E2632001732}"
EndProject
Project("{FAE04EC0-301F-11D3-BF4B-00C04F79EFBC}") = "Banco", "Banco\Banco.csproj", "{816F8528-CAD2-474D-9DC8-E0D8FF494BC6}"
EndProject
Global
	GlobalSection(SolutionConfigurationPlatforms) = preSolution
		Debug|Any CPU = Debug|Any CPU
		Release|Any CPU = Release|Any CPU
	EndGlobalSection
	GlobalSection(ProjectConfigurationPlatforms) = postSolution
		{A3580E85-9313-4D51-94E1-EDEE650B4DE5}.Debug|Any CPU.ActiveCfg = Debug|Any CPU
		{A3580E85-9313-4D51-94E1-EDEE650B4DE5}.Debug|Any CPU.Build.0 = Debug|Any CPU
		{A3580E85-9313-4D51-94E1-EDEE650B4DE5}.Release|Any CPU.ActiveCfg = Release|Any CPU
		{A3580E85-9313-4D51-94E1-EDEE650B4DE5}.Release|Any CPU.Build.0 = Release|Any CPU
		{84B92D72-F76F-4903-B07B-0E2632001732}.Debug|Any CPU.ActiveCfg = Debug|Any CPU
		{84B92D72-F76F-4903-B07B-0E2632001732}.Debug|Any CPU.Build.0 = Debug|Any CPU
		{84B92D72-F76F-4903-B07B-0E2632001732}.Release|Any CPU.ActiveCfg = Release|Any CPU
		{84B92D72-F76F-4903-B07B-0E2632001732}.Release|Any CPU.Build.0 = Release|Any CPU
		{816F8528-CAD2-474D-9DC8-E0D8FF494BC6}.Debug|Any CPU.ActiveCfg = Debug|Any CPU
		{816F8528-CAD2-474D-9DC8-E0D8FF494BC6}.Debug|Any CPU.Build.0 = Debug|Any CPU
		{816F8528-CAD2-474D-9DC8-E0D8FF494BC6}.Release|Any CPU.ActiveCfg = Release|Any CPU
		{816F8528-CAD2-474D-9DC8-E0D8FF494BC6}.Release|Any CPU.Build.0 = Release|Any CPU
	EndGlobalSection
	GlobalSection(SolutionProperties) = preSolution
		HideSolutionNode = FALSE
	EndGlobalSection
	GlobalSection(ExtensibilityGlobals) = postSolution
		SolutionGuid = {E0C311A6-CA18-4325-A1F3-E64F74A9A1B7}
	EndGlobalSection
EndGlobal
